
Microsoft Visual Studio Solution File, Format Version 12.00
# Visual Studio 2012
Project("{E24C65DC-7377-472B-9ABA-BC803B73C61A}") = "cmk_asp_nyhedssite", ".", "{16041036-FCD5-4121-8659-59EDDE85C916}"
	ProjectSection(WebsiteProperties) = preProject
		TargetFrameworkMoniker = ".NETFramework,Version%3Dv4.5"
		Debug.AspNetCompiler.VirtualPath = "/cmk_asp_nyhedssite"
		Debug.AspNetCompiler.PhysicalPath = "..\cmk_asp_nyhedssite\"
		Debug.AspNetCompiler.TargetPath = "PrecompiledWeb\cmk_asp_nyhedssite\"
		Debug.AspNetCompiler.Updateable = "true"
		Debug.AspNetCompiler.ForceOverwrite = "true"
		Debug.AspNetCompiler.FixedNames = "false"
		Debug.AspNetCompiler.Debug = "True"
		Release.AspNetCompiler.VirtualPath = "/cmk_asp_nyhedssite"
		Release.AspNetCompiler.PhysicalPath = "..\cmk_asp_nyhedssite\"
		Release.AspNetCompiler.TargetPath = "PrecompiledWeb\cmk_asp_nyhedssite\"
		Release.AspNetCompiler.Updateable = "true"
		Release.AspNetCompiler.ForceOverwrite = "true"
		Release.AspNetCompiler.FixedNames = "false"
		Release.AspNetCompiler.Debug = "False"
		VWDPort = "58302"
	EndProjectSection
EndProject
Global
	GlobalSection(SolutionConfigurationPlatforms) = preSolution
		Debug|Any CPU = Debug|Any CPU
	EndGlobalSection
	GlobalSection(ProjectConfigurationPlatforms) = postSolution
		{16041036-FCD5-4121-8659-59EDDE85C916}.Debug|Any CPU.ActiveCfg = Debug|Any CPU
		{16041036-FCD5-4121-8659-59EDDE85C916}.Debug|Any CPU.Build.0 = Debug|Any CPU
	EndGlobalSection
	GlobalSection(SolutionProperties) = preSolution
		HideSolutionNode = FALSE
	EndGlobalSection
EndGlobal
